{
  "version": 4,
  "terraform_version": "1.4.6",
  "serial": 10,
  "lineage": "cfa9ad1b-9a49-2e79-e6ea-19264b0574f8",
  "outputs": {},
  "resources": [
    {
      "mode": "data",
      "type": "aws_subnet",
      "name": "DEV_SUBNET_PUBLIC_1",
      "provider": "provider[\"registry.terraform.io/hashicorp/aws\"]",
      "instances": [
        {
          "schema_version": 0,
          "attributes": {
            "arn": "arn:aws:ec2:us-east-1:343610824237:subnet/subnet-028e42732b06a8901",
            "assign_ipv6_address_on_creation": false,
            "availability_zone": "us-east-1c",
            "availability_zone_id": "use1-az1",
            "available_ip_address_count": 495,
            "cidr_block": "10.0.4.0/23",
            "customer_owned_ipv4_pool": "",
            "default_for_az": false,
            "enable_dns64": false,
            "enable_lni_at_device_index": 0,
            "enable_resource_name_dns_a_record_on_launch": false,
            "enable_resource_name_dns_aaaa_record_on_launch": false,
            "filter": null,
            "id": "subnet-028e42732b06a8901",
            "ipv6_cidr_block": "",
            "ipv6_cidr_block_association_id": "",
            "ipv6_native": false,
            "map_customer_owned_ip_on_launch": false,
            "map_public_ip_on_launch": true,
            "outpost_arn": "",
            "owner_id": "343610824237",
            "private_dns_hostname_type_on_launch": "ip-name",
            "state": "available",
            "tags": {
              "Environment": "dev",
              "Name": "DEV - SUBNET PUBLIC 1"
            },
            "timeouts": null,
            "vpc_id": "vpc-0a981cde95fdd5ebe"
          },
          "sensitive_attributes": []
        }
      ]
    },
    {
      "mode": "data",
      "type": "aws_vpc",
      "name": "VPC_DEVELOPMENT",
      "provider": "provider[\"registry.terraform.io/hashicorp/aws\"]",
      "instances": [
        {
          "schema_version": 0,
          "attributes": {
            "arn": "arn:aws:ec2:us-east-1:343610824237:vpc/vpc-0a981cde95fdd5ebe",
            "cidr_block": "10.0.0.0/20",
            "cidr_block_associations": [
              {
                "association_id": "vpc-cidr-assoc-049fda87c9894a24c",
                "cidr_block": "10.0.0.0/20",
                "state": "associated"
              }
            ],
            "default": false,
            "dhcp_options_id": "dopt-79746a03",
            "enable_dns_hostnames": true,
            "enable_dns_support": true,
            "enable_network_address_usage_metrics": false,
            "filter": null,
            "id": "vpc-0a981cde95fdd5ebe",
            "instance_tenancy": "default",
            "ipv6_association_id": "",
            "ipv6_cidr_block": "",
            "main_route_table_id": "rtb-08f925f2ef853842c",
            "owner_id": "343610824237",
            "state": null,
            "tags": {
              "Environment": "dev",
              "Name": "VPC - DEVELOPMENT"
            },
            "timeouts": null
          },
          "sensitive_attributes": []
        }
      ]
    },
    {
      "mode": "managed",
      "type": "aws_instance",
      "name": "espaco_comunidade-TF",
      "provider": "provider[\"registry.terraform.io/hashicorp/aws\"]",
      "instances": [
        {
          "schema_version": 1,
          "attributes": {
            "ami": "ami-0889a44b331db0194",
            "arn": "arn:aws:ec2:us-east-1:343610824237:instance/i-028bc33aa4ea1158a",
            "associate_public_ip_address": true,
            "availability_zone": "us-east-1c",
            "capacity_reservation_specification": [
              {
                "capacity_reservation_preference": "open",
                "capacity_reservation_target": []
              }
            ],
            "cpu_core_count": 1,
            "cpu_options": [
              {
                "amd_sev_snp": "",
                "core_count": 1,
                "threads_per_core": 2
              }
            ],
            "cpu_threads_per_core": 2,
            "credit_specification": [
              {
                "cpu_credits": "unlimited"
              }
            ],
            "disable_api_stop": false,
            "disable_api_termination": false,
            "ebs_block_device": [],
            "ebs_optimized": false,
            "enclave_options": [
              {
                "enabled": false
              }
            ],
            "ephemeral_block_device": [],
            "get_password_data": false,
            "hibernation": false,
            "host_id": "",
            "host_resource_group_arn": null,
            "iam_instance_profile": "",
            "id": "i-028bc33aa4ea1158a",
            "instance_initiated_shutdown_behavior": "stop",
            "instance_state": "running",
            "instance_type": "t3.medium",
            "ipv6_address_count": 0,
            "ipv6_addresses": [],
            "key_name": "espaco_comunidade.dev",
            "launch_template": [],
            "maintenance_options": [
              {
                "auto_recovery": "default"
              }
            ],
            "metadata_options": [
              {
                "http_endpoint": "enabled",
                "http_put_response_hop_limit": 2,
                "http_tokens": "required",
                "instance_metadata_tags": "disabled"
              }
            ],
            "monitoring": false,
            "network_interface": [
              {
                "delete_on_termination": false,
                "device_index": 0,
                "network_card_index": 0,
                "network_interface_id": "eni-027fe585570f48a77"
              }
            ],
            "outpost_arn": "",
            "password_data": "",
            "placement_group": "",
            "placement_partition_number": 0,
            "primary_network_interface_id": "eni-027fe585570f48a77",
            "private_dns": "ip-10-0-4-125.ec2.internal",
            "private_dns_name_options": [
              {
                "enable_resource_name_dns_a_record": false,
                "enable_resource_name_dns_aaaa_record": false,
                "hostname_type": "ip-name"
              }
            ],
            "private_ip": "10.0.4.125",
            "public_dns": "ec2-3-230-147-103.compute-1.amazonaws.com",
            "public_ip": "3.230.147.103",
            "root_block_device": [
              {
                "delete_on_termination": true,
                "device_name": "/dev/xvda",
                "encrypted": true,
                "iops": 3000,
                "kms_key_id": "arn:aws:kms:us-east-1:343610824237:key/e8aff9f5-2aa4-4540-9925-5d70608fe2db",
                "tags": {},
                "throughput": 125,
                "volume_id": "vol-02efecc04439c33e5",
                "volume_size": 8,
                "volume_type": "gp3"
              }
            ],
            "secondary_private_ips": [],
            "security_groups": [],
            "source_dest_check": true,
            "subnet_id": "subnet-028e42732b06a8901",
            "tags": {
              "Name": "espaco_comunidade-TF"
            },
            "tags_all": {
              "Name": "espaco_comunidade-TF"
            },
            "tenancy": "default",
            "timeouts": null,
            "user_data": null,
            "user_data_base64": null,
            "user_data_replace_on_change": false,
            "volume_tags": null,
            "vpc_security_group_ids": [
              "sg-021524068aede57b4"
            ]
          },
          "sensitive_attributes": [],
          "private": "eyJlMmJmYjczMC1lY2FhLTExZTYtOGY4OC0zNDM2M2JjN2M0YzAiOnsiY3JlYXRlIjo2MDAwMDAwMDAwMDAsImRlbGV0ZSI6MTIwMDAwMDAwMDAwMCwidXBkYXRlIjo2MDAwMDAwMDAwMDB9LCJzY2hlbWFfdmVyc2lvbiI6IjEifQ==",
          "dependencies": [
            "aws_network_interface.espaco_comunidade_tf",
            "data.aws_subnet.DEV_SUBNET_PUBLIC_1"
          ]
        }
      ]
    },
    {
      "mode": "managed",
      "type": "aws_network_interface",
      "name": "espaco_comunidade_tf",
      "provider": "provider[\"registry.terraform.io/hashicorp/aws\"]",
      "instances": [
        {
          "schema_version": 0,
          "attributes": {
            "arn": "arn:aws:ec2:us-east-1:343610824237:network-interface/eni-027fe585570f48a77",
            "attachment": [],
            "description": "",
            "id": "eni-027fe585570f48a77",
            "interface_type": "interface",
            "ipv4_prefix_count": 0,
            "ipv4_prefixes": [],
            "ipv6_address_count": 0,
            "ipv6_address_list": [],
            "ipv6_address_list_enabled": false,
            "ipv6_addresses": [],
            "ipv6_prefix_count": 0,
            "ipv6_prefixes": [],
            "mac_address": "02:36:2b:0c:97:9d",
            "outpost_arn": "",
            "owner_id": "343610824237",
            "private_dns_name": "ip-10-0-4-125.ec2.internal",
            "private_ip": "10.0.4.125",
            "private_ip_list": [
              "10.0.4.125"
            ],
            "private_ip_list_enabled": false,
            "private_ips": [
              "10.0.4.125"
            ],
            "private_ips_count": 0,
            "security_groups": [
              "sg-021524068aede57b4"
            ],
            "source_dest_check": true,
            "subnet_id": "subnet-028e42732b06a8901",
            "tags": {
              "Name": "terraform"
            },
            "tags_all": {
              "Name": "terraform"
            }
          },
          "sensitive_attributes": [],
          "private": "bnVsbA==",
          "dependencies": [
            "data.aws_subnet.DEV_SUBNET_PUBLIC_1"
          ]
        }
      ]
    }
  ],
  "check_results": null
}
