{
  "version": 4,
  "terraform_version": "1.8.3",
  "serial": 119,
  "lineage": "6bb2c3c1-7c40-ca6b-9298-11b45ada7525",
  "outputs": {
    "database_route_table_id": {
      "value": "rtb-067838d4b0d259b66",
      "type": "string"
    },
    "igw_id": {
      "value": "igw-0311f3c9eb293f9de",
      "type": "string"
    },
    "private_route_table_id": {
      "value": "rtb-0600a2708ae9bb0de",
      "type": "string"
    },
    "public_route_table_id": {
      "value": "rtb-0e49d468d091118c3",
      "type": "string"
    },
    "route_table_association_id": {
      "value": [
        "rtbassoc-036f42dabe8e3604b",
        "rtbassoc-0881634a82902a6fc",
        "rtbassoc-0aa5703addf5b3656",
        "rtbassoc-081f4947aef72b888",
        "rtbassoc-06edd2eed6d66de9a",
        "rtbassoc-0f4626f23c849c2b4"
      ],
      "type": [
        "tuple",
        [
          "string",
          "string",
          "string",
          "string",
          "string",
          "string"
        ]
      ]
    },
    "route_table_association_ids": {
      "value": [
        "rtbassoc-036f42dabe8e3604b",
        "rtbassoc-0881634a82902a6fc",
        "rtbassoc-0aa5703addf5b3656",
        "rtbassoc-081f4947aef72b888",
        "rtbassoc-06edd2eed6d66de9a",
        "rtbassoc-0f4626f23c849c2b4"
      ],
      "type": [
        "tuple",
        [
          "string",
          "string",
          "string",
          "string",
          "string",
          "string"
        ]
      ]
    },
    "subnet_ids": {
      "value": {
        "SBNT-VPC-DADOS-PRIVATE-APP-AZ1a": "subnet-083a33d813044be95",
        "SBNT-VPC-DADOS-PRIVATE-APP-AZ1b": "subnet-03867b9a03e0a4bc1",
        "SBNT-VPC-DADOS-PRIVATE-DB-AZ1a": "subnet-0cdbbcefb5d3beb51",
        "SBNT-VPC-DADOS-PRIVATE-DB-AZ1b": "subnet-02474950c5337c918",
        "SBNT-VPC-DADOS-PUBLIC-APP-AZ1a": "subnet-001f5f7df3b851826",
        "SBNT-VPC-DADOS-PUBLIC-APP-AZ1b": "subnet-0dae142823750a03b"
      },
      "type": [
        "object",
        {
          "SBNT-VPC-DADOS-PRIVATE-APP-AZ1a": "string",
          "SBNT-VPC-DADOS-PRIVATE-APP-AZ1b": "string",
          "SBNT-VPC-DADOS-PRIVATE-DB-AZ1a": "string",
          "SBNT-VPC-DADOS-PRIVATE-DB-AZ1b": "string",
          "SBNT-VPC-DADOS-PUBLIC-APP-AZ1a": "string",
          "SBNT-VPC-DADOS-PUBLIC-APP-AZ1b": "string"
        }
      ]
    },
    "vpc_id": {
      "value": "vpc-07eecf7196212e4c7",
      "type": "string"
    }
  },
  "resources": [
    {
      "mode": "managed",
      "type": "aws_customer_gateway",
      "name": "customer_gateway_americantower",
      "provider": "provider[\"registry.terraform.io/hashicorp/aws\"]",
      "instances": [
        {
          "schema_version": 0,
          "attributes": {
            "arn": "arn:aws:ec2:us-east-1:742364540768:customer-gateway/cgw-0f23a0695561804ab",
            "bgp_asn": "65000",
            "certificate_arn": "",
            "device_name": "",
            "id": "cgw-0f23a0695561804ab",
            "ip_address": "186.248.174.234",
            "tags": {
              "CreatedAt": "2024-05-07",
              "ManagedBy": "Terraform",
              "Name": "CG-VPC-DADOS-AMERICAN-TOWER",
              "Owner": "Wesley Leite",
              "Project": "VPC DADOS",
              "Service": "Network"
            },
            "tags_all": {
              "CreatedAt": "2024-05-07",
              "ManagedBy": "Terraform",
              "Name": "CG-VPC-DADOS-AMERICAN-TOWER",
              "Owner": "Wesley Leite",
              "Project": "VPC DADOS",
              "Service": "Network"
            },
            "type": "ipsec.1"
          },
          "sensitive_attributes": [],
          "private": "bnVsbA=="
        }
      ]
    },
    {
      "mode": "managed",
      "type": "aws_customer_gateway",
      "name": "customer_gateway_mundivox",
      "provider": "provider[\"registry.terraform.io/hashicorp/aws\"]",
      "instances": [
        {
          "schema_version": 0,
          "attributes": {
            "arn": "arn:aws:ec2:us-east-1:742364540768:customer-gateway/cgw-06b6b0811546b64b7",
            "bgp_asn": "65000",
            "certificate_arn": "",
            "device_name": "",
            "id": "cgw-06b6b0811546b64b7",
            "ip_address": "187.111.17.154",
            "tags": {
              "CreatedAt": "2024-05-07",
              "ManagedBy": "Terraform",
              "Name": "CG-VPC-DADOS-MUNDIVOX",
              "Owner": "Wesley Leite",
              "Project": "VPC DADOS",
              "Service": "Network"
            },
            "tags_all": {
              "CreatedAt": "2024-05-07",
              "ManagedBy": "Terraform",
              "Name": "CG-VPC-DADOS-MUNDIVOX",
              "Owner": "Wesley Leite",
              "Project": "VPC DADOS",
              "Service": "Network"
            },
            "type": "ipsec.1"
          },
          "sensitive_attributes": [],
          "private": "bnVsbA=="
        }
      ]
    },
    {
      "mode": "managed",
      "type": "aws_eip",
      "name": "natgw_eip",
      "provider": "provider[\"registry.terraform.io/hashicorp/aws\"]",
      "instances": [
        {
          "schema_version": 0,
          "attributes": {
            "address": null,
            "allocation_id": "eipalloc-0a40d917b098064ff",
            "associate_with_private_ip": null,
            "association_id": "eipassoc-0a3da4a303194a728",
            "carrier_ip": "",
            "customer_owned_ip": "",
            "customer_owned_ipv4_pool": "",
            "domain": "vpc",
            "id": "eipalloc-0a40d917b098064ff",
            "instance": "",
            "network_border_group": "us-east-1",
            "network_interface": "eni-0cb104e36372de62c",
            "private_dns": "ip-10-122-19-209.ec2.internal",
            "private_ip": "10.122.19.209",
            "public_dns": "ec2-52-86-23-244.compute-1.amazonaws.com",
            "public_ip": "52.86.23.244",
            "public_ipv4_pool": "amazon",
            "tags": {
              "CreatedAt": "2024-05-07",
              "ManagedBy": "Terraform",
              "Name": "EIP-DADOS",
              "Owner": "Wesley Leite",
              "Project": "VPC DADOS",
              "Service": "Network"
            },
            "tags_all": {
              "CreatedAt": "2024-05-07",
              "ManagedBy": "Terraform",
              "Name": "EIP-DADOS",
              "Owner": "Wesley Leite",
              "Project": "VPC DADOS",
              "Service": "Network"
            },
            "timeouts": null,
            "vpc": true
          },
          "sensitive_attributes": [],
          "private": "eyJlMmJmYjczMC1lY2FhLTExZTYtOGY4OC0zNDM2M2JjN2M0YzAiOnsiZGVsZXRlIjoxODAwMDAwMDAwMDAsInJlYWQiOjkwMDAwMDAwMDAwMCwidXBkYXRlIjozMDAwMDAwMDAwMDB9fQ==",
          "dependencies": [
            "aws_internet_gateway.this",
            "aws_vpc.this"
          ],
          "create_before_destroy": true
        }
      ]
    },
    {
      "mode": "managed",
      "type": "aws_internet_gateway",
      "name": "this",
      "provider": "provider[\"registry.terraform.io/hashicorp/aws\"]",
      "instances": [
        {
          "schema_version": 0,
          "attributes": {
            "arn": "arn:aws:ec2:us-east-1:742364540768:internet-gateway/igw-0311f3c9eb293f9de",
            "id": "igw-0311f3c9eb293f9de",
            "owner_id": "742364540768",
            "tags": {
              "CreatedAt": "2024-05-07",
              "ManagedBy": "Terraform",
              "Name": "IGW-VPC-DADOS",
              "Owner": "Wesley Leite",
              "Project": "VPC DADOS",
              "Service": "Network"
            },
            "tags_all": {
              "CreatedAt": "2024-05-07",
              "ManagedBy": "Terraform",
              "Name": "IGW-VPC-DADOS",
              "Owner": "Wesley Leite",
              "Project": "VPC DADOS",
              "Service": "Network"
            },
            "timeouts": null,
            "vpc_id": "vpc-07eecf7196212e4c7"
          },
          "sensitive_attributes": [],
          "private": "eyJlMmJmYjczMC1lY2FhLTExZTYtOGY4OC0zNDM2M2JjN2M0YzAiOnsiY3JlYXRlIjoxMjAwMDAwMDAwMDAwLCJkZWxldGUiOjEyMDAwMDAwMDAwMDAsInVwZGF0ZSI6MTIwMDAwMDAwMDAwMH19",
          "dependencies": [
            "aws_vpc.this"
          ],
          "create_before_destroy": true
        }
      ]
    },
    {
      "mode": "managed",
      "type": "aws_nat_gateway",
      "name": "natgw",
      "provider": "provider[\"registry.terraform.io/hashicorp/aws\"]",
      "instances": [
        {
          "schema_version": 0,
          "attributes": {
            "allocation_id": "eipalloc-0a40d917b098064ff",
            "association_id": "eipassoc-0a3da4a303194a728",
            "connectivity_type": "public",
            "id": "nat-0539bffcb21f24913",
            "network_interface_id": "eni-0cb104e36372de62c",
            "private_ip": "10.122.19.209",
            "public_ip": "52.86.23.244",
            "subnet_id": "subnet-001f5f7df3b851826",
            "tags": {
              "CreatedAt": "2024-05-07",
              "ManagedBy": "Terraform",
              "Name": "NATGW-DADOS",
              "Owner": "Wesley Leite",
              "Project": "VPC DADOS",
              "Service": "Network"
            },
            "tags_all": {
              "CreatedAt": "2024-05-07",
              "ManagedBy": "Terraform",
              "Name": "NATGW-DADOS",
              "Owner": "Wesley Leite",
              "Project": "VPC DADOS",
              "Service": "Network"
            }
          },
          "sensitive_attributes": [],
          "private": "bnVsbA==",
          "dependencies": [
            "aws_eip.natgw_eip",
            "aws_internet_gateway.this",
            "aws_subnet.this",
            "aws_vpc.this"
          ]
        }
      ]
    },
    {
      "mode": "managed",
      "type": "aws_route_table",
      "name": "database",
      "provider": "provider[\"registry.terraform.io/hashicorp/aws\"]",
      "instances": [
        {
          "schema_version": 0,
          "attributes": {
            "arn": "arn:aws:ec2:us-east-1:742364540768:route-table/rtb-067838d4b0d259b66",
            "id": "rtb-067838d4b0d259b66",
            "owner_id": "742364540768",
            "propagating_vgws": [],
            "route": [
              {
                "carrier_gateway_id": "",
                "cidr_block": "0.0.0.0/0",
                "core_network_arn": "",
                "destination_prefix_list_id": "",
                "egress_only_gateway_id": "",
                "gateway_id": "",
                "ipv6_cidr_block": "",
                "local_gateway_id": "",
                "nat_gateway_id": "nat-0539bffcb21f24913",
                "network_interface_id": "",
                "transit_gateway_id": "",
                "vpc_endpoint_id": "",
                "vpc_peering_connection_id": ""
              }
            ],
            "tags": {
              "CreatedAt": "2024-05-07",
              "ManagedBy": "Terraform",
              "Name": "RTB-VPC-DADOS-PRIVATE-DB",
              "Owner": "Wesley Leite",
              "Project": "VPC DADOS",
              "Service": "Network"
            },
            "tags_all": {
              "CreatedAt": "2024-05-07",
              "ManagedBy": "Terraform",
              "Name": "RTB-VPC-DADOS-PRIVATE-DB",
              "Owner": "Wesley Leite",
              "Project": "VPC DADOS",
              "Service": "Network"
            },
            "timeouts": null,
            "vpc_id": "vpc-07eecf7196212e4c7"
          },
          "sensitive_attributes": [],
          "private": "eyJlMmJmYjczMC1lY2FhLTExZTYtOGY4OC0zNDM2M2JjN2M0YzAiOnsiY3JlYXRlIjozMDAwMDAwMDAwMDAsImRlbGV0ZSI6MzAwMDAwMDAwMDAwLCJ1cGRhdGUiOjEyMDAwMDAwMDAwMH19",
          "dependencies": [
            "aws_eip.natgw_eip",
            "aws_internet_gateway.this",
            "aws_nat_gateway.natgw",
            "aws_subnet.this",
            "aws_vpc.this"
          ]
        }
      ]
    },
    {
      "mode": "managed",
      "type": "aws_route_table",
      "name": "private",
      "provider": "provider[\"registry.terraform.io/hashicorp/aws\"]",
      "instances": [
        {
          "schema_version": 0,
          "attributes": {
            "arn": "arn:aws:ec2:us-east-1:742364540768:route-table/rtb-0600a2708ae9bb0de",
            "id": "rtb-0600a2708ae9bb0de",
            "owner_id": "742364540768",
            "propagating_vgws": [],
            "route": [
              {
                "carrier_gateway_id": "",
                "cidr_block": "0.0.0.0/0",
                "core_network_arn": "",
                "destination_prefix_list_id": "",
                "egress_only_gateway_id": "",
                "gateway_id": "",
                "ipv6_cidr_block": "",
                "local_gateway_id": "",
                "nat_gateway_id": "nat-0539bffcb21f24913",
                "network_interface_id": "",
                "transit_gateway_id": "",
                "vpc_endpoint_id": "",
                "vpc_peering_connection_id": ""
              }
            ],
            "tags": {
              "CreatedAt": "2024-05-07",
              "ManagedBy": "Terraform",
              "Name": "RTB-VPC-DADOS-PRIVATE-APP",
              "Owner": "Wesley Leite",
              "Project": "VPC DADOS",
              "Service": "Network"
            },
            "tags_all": {
              "CreatedAt": "2024-05-07",
              "ManagedBy": "Terraform",
              "Name": "RTB-VPC-DADOS-PRIVATE-APP",
              "Owner": "Wesley Leite",
              "Project": "VPC DADOS",
              "Service": "Network"
            },
            "timeouts": null,
            "vpc_id": "vpc-07eecf7196212e4c7"
          },
          "sensitive_attributes": [],
          "private": "eyJlMmJmYjczMC1lY2FhLTExZTYtOGY4OC0zNDM2M2JjN2M0YzAiOnsiY3JlYXRlIjozMDAwMDAwMDAwMDAsImRlbGV0ZSI6MzAwMDAwMDAwMDAwLCJ1cGRhdGUiOjEyMDAwMDAwMDAwMH19",
          "dependencies": [
            "aws_eip.natgw_eip",
            "aws_internet_gateway.this",
            "aws_nat_gateway.natgw",
            "aws_subnet.this",
            "aws_vpc.this"
          ]
        }
      ]
    },
    {
      "mode": "managed",
      "type": "aws_route_table",
      "name": "public",
      "provider": "provider[\"registry.terraform.io/hashicorp/aws\"]",
      "instances": [
        {
          "schema_version": 0,
          "attributes": {
            "arn": "arn:aws:ec2:us-east-1:742364540768:route-table/rtb-0e49d468d091118c3",
            "id": "rtb-0e49d468d091118c3",
            "owner_id": "742364540768",
            "propagating_vgws": [],
            "route": [
              {
                "carrier_gateway_id": "",
                "cidr_block": "0.0.0.0/0",
                "core_network_arn": "",
                "destination_prefix_list_id": "",
                "egress_only_gateway_id": "",
                "gateway_id": "igw-0311f3c9eb293f9de",
                "ipv6_cidr_block": "",
                "local_gateway_id": "",
                "nat_gateway_id": "",
                "network_interface_id": "",
                "transit_gateway_id": "",
                "vpc_endpoint_id": "",
                "vpc_peering_connection_id": ""
              }
            ],
            "tags": {
              "CreatedAt": "2024-05-07",
              "ManagedBy": "Terraform",
              "Name": "RTB-VPC-DADOS-PUBLIC-APP",
              "Owner": "Wesley Leite",
              "Project": "VPC DADOS",
              "Service": "Network"
            },
            "tags_all": {
              "CreatedAt": "2024-05-07",
              "ManagedBy": "Terraform",
              "Name": "RTB-VPC-DADOS-PUBLIC-APP",
              "Owner": "Wesley Leite",
              "Project": "VPC DADOS",
              "Service": "Network"
            },
            "timeouts": null,
            "vpc_id": "vpc-07eecf7196212e4c7"
          },
          "sensitive_attributes": [],
          "private": "eyJlMmJmYjczMC1lY2FhLTExZTYtOGY4OC0zNDM2M2JjN2M0YzAiOnsiY3JlYXRlIjozMDAwMDAwMDAwMDAsImRlbGV0ZSI6MzAwMDAwMDAwMDAwLCJ1cGRhdGUiOjEyMDAwMDAwMDAwMH19",
          "dependencies": [
            "aws_internet_gateway.this",
            "aws_vpc.this"
          ]
        }
      ]
    },
    {
      "mode": "managed",
      "type": "aws_route_table_association",
      "name": "database",
      "provider": "provider[\"registry.terraform.io/hashicorp/aws\"]",
      "instances": [
        {
          "index_key": "SBNT-VPC-DADOS-PUBLIC-APP-AZ1a",
          "schema_version": 0,
          "attributes": {
            "gateway_id": "",
            "id": "rtbassoc-06edd2eed6d66de9a",
            "route_table_id": "rtb-0e49d468d091118c3",
            "subnet_id": "subnet-001f5f7df3b851826",
            "timeouts": null
          },
          "sensitive_attributes": [],
          "private": "eyJlMmJmYjczMC1lY2FhLTExZTYtOGY4OC0zNDM2M2JjN2M0YzAiOnsiY3JlYXRlIjozMDAwMDAwMDAwMDAsImRlbGV0ZSI6MzAwMDAwMDAwMDAwLCJ1cGRhdGUiOjEyMDAwMDAwMDAwMH19",
          "dependencies": [
            "aws_eip.natgw_eip",
            "aws_internet_gateway.this",
            "aws_nat_gateway.natgw",
            "aws_route_table.database",
            "aws_route_table.public",
            "aws_subnet.this",
            "aws_vpc.this"
          ]
        },
        {
          "index_key": "SBNT-VPC-DADOS-PUBLIC-APP-AZ1b",
          "schema_version": 0,
          "attributes": {
            "gateway_id": "",
            "id": "rtbassoc-0f4626f23c849c2b4",
            "route_table_id": "rtb-0e49d468d091118c3",
            "subnet_id": "subnet-0dae142823750a03b",
            "timeouts": null
          },
          "sensitive_attributes": [],
          "private": "eyJlMmJmYjczMC1lY2FhLTExZTYtOGY4OC0zNDM2M2JjN2M0YzAiOnsiY3JlYXRlIjozMDAwMDAwMDAwMDAsImRlbGV0ZSI6MzAwMDAwMDAwMDAwLCJ1cGRhdGUiOjEyMDAwMDAwMDAwMH19",
          "dependencies": [
            "aws_eip.natgw_eip",
            "aws_internet_gateway.this",
            "aws_nat_gateway.natgw",
            "aws_route_table.database",
            "aws_route_table.public",
            "aws_subnet.this",
            "aws_vpc.this"
          ]
        }
      ]
    },
    {
      "mode": "managed",
      "type": "aws_route_table_association",
      "name": "private",
      "provider": "provider[\"registry.terraform.io/hashicorp/aws\"]",
      "instances": [
        {
          "index_key": "SBNT-VPC-DADOS-PUBLIC-APP-AZ1a",
          "schema_version": 0,
          "attributes": {
            "gateway_id": "",
            "id": "rtbassoc-06edd2eed6d66de9a",
            "route_table_id": "rtb-0e49d468d091118c3",
            "subnet_id": "subnet-001f5f7df3b851826",
            "timeouts": null
          },
          "sensitive_attributes": [],
          "private": "eyJlMmJmYjczMC1lY2FhLTExZTYtOGY4OC0zNDM2M2JjN2M0YzAiOnsiY3JlYXRlIjozMDAwMDAwMDAwMDAsImRlbGV0ZSI6MzAwMDAwMDAwMDAwLCJ1cGRhdGUiOjEyMDAwMDAwMDAwMH19",
          "dependencies": [
            "aws_eip.natgw_eip",
            "aws_internet_gateway.this",
            "aws_nat_gateway.natgw",
            "aws_route_table.private",
            "aws_route_table.public",
            "aws_subnet.this",
            "aws_vpc.this"
          ]
        },
        {
          "index_key": "SBNT-VPC-DADOS-PUBLIC-APP-AZ1b",
          "schema_version": 0,
          "attributes": {
            "gateway_id": "",
            "id": "rtbassoc-0f4626f23c849c2b4",
            "route_table_id": "rtb-0e49d468d091118c3",
            "subnet_id": "subnet-0dae142823750a03b",
            "timeouts": null
          },
          "sensitive_attributes": [],
          "private": "eyJlMmJmYjczMC1lY2FhLTExZTYtOGY4OC0zNDM2M2JjN2M0YzAiOnsiY3JlYXRlIjozMDAwMDAwMDAwMDAsImRlbGV0ZSI6MzAwMDAwMDAwMDAwLCJ1cGRhdGUiOjEyMDAwMDAwMDAwMH19",
          "dependencies": [
            "aws_eip.natgw_eip",
            "aws_internet_gateway.this",
            "aws_nat_gateway.natgw",
            "aws_route_table.private",
            "aws_route_table.public",
            "aws_subnet.this",
            "aws_vpc.this"
          ]
        }
      ]
    },
    {
      "mode": "managed",
      "type": "aws_subnet",
      "name": "this",
      "provider": "provider[\"registry.terraform.io/hashicorp/aws\"]",
      "instances": [
        {
          "index_key": "db_a",
          "schema_version": 1,
          "attributes": {
            "arn": "arn:aws:ec2:us-east-1:742364540768:subnet/subnet-0cdbbcefb5d3beb51",
            "assign_ipv6_address_on_creation": false,
            "availability_zone": "us-east-1a",
            "availability_zone_id": "use1-az1",
            "cidr_block": "10.122.10.0/23",
            "customer_owned_ipv4_pool": "",
            "enable_dns64": false,
            "enable_lni_at_device_index": 0,
            "enable_resource_name_dns_a_record_on_launch": false,
            "enable_resource_name_dns_aaaa_record_on_launch": false,
            "id": "subnet-0cdbbcefb5d3beb51",
            "ipv6_cidr_block": "",
            "ipv6_cidr_block_association_id": "",
            "ipv6_native": false,
            "map_customer_owned_ip_on_launch": false,
            "map_public_ip_on_launch": false,
            "outpost_arn": "",
            "owner_id": "742364540768",
            "private_dns_hostname_type_on_launch": "ip-name",
            "tags": {
              "CreatedAt": "2024-05-07",
              "ManagedBy": "Terraform",
              "Name": "SBNT-VPC-DADOS-PRIVATE-DB-AZ1a",
              "Owner": "Wesley Leite",
              "Project": "VPC DADOS",
              "Service": "Network"
            },
            "tags_all": {
              "CreatedAt": "2024-05-07",
              "ManagedBy": "Terraform",
              "Name": "SBNT-VPC-DADOS-PRIVATE-DB-AZ1a",
              "Owner": "Wesley Leite",
              "Project": "VPC DADOS",
              "Service": "Network"
            },
            "timeouts": null,
            "vpc_id": "vpc-07eecf7196212e4c7"
          },
          "sensitive_attributes": [],
          "private": "eyJlMmJmYjczMC1lY2FhLTExZTYtOGY4OC0zNDM2M2JjN2M0YzAiOnsiY3JlYXRlIjo2MDAwMDAwMDAwMDAsImRlbGV0ZSI6MTIwMDAwMDAwMDAwMH0sInNjaGVtYV92ZXJzaW9uIjoiMSJ9",
          "dependencies": [
            "aws_vpc.this"
          ]
        },
        {
          "index_key": "db_b",
          "schema_version": 1,
          "attributes": {
            "arn": "arn:aws:ec2:us-east-1:742364540768:subnet/subnet-02474950c5337c918",
            "assign_ipv6_address_on_creation": false,
            "availability_zone": "us-east-1b",
            "availability_zone_id": "use1-az2",
            "cidr_block": "10.122.12.0/23",
            "customer_owned_ipv4_pool": "",
            "enable_dns64": false,
            "enable_lni_at_device_index": 0,
            "enable_resource_name_dns_a_record_on_launch": false,
            "enable_resource_name_dns_aaaa_record_on_launch": false,
            "id": "subnet-02474950c5337c918",
            "ipv6_cidr_block": "",
            "ipv6_cidr_block_association_id": "",
            "ipv6_native": false,
            "map_customer_owned_ip_on_launch": false,
            "map_public_ip_on_launch": false,
            "outpost_arn": "",
            "owner_id": "742364540768",
            "private_dns_hostname_type_on_launch": "ip-name",
            "tags": {
              "CreatedAt": "2024-05-07",
              "ManagedBy": "Terraform",
              "Name": "SBNT-VPC-DADOS-PRIVATE-DB-AZ1b",
              "Owner": "Wesley Leite",
              "Project": "VPC DADOS",
              "Service": "Network"
            },
            "tags_all": {
              "CreatedAt": "2024-05-07",
              "ManagedBy": "Terraform",
              "Name": "SBNT-VPC-DADOS-PRIVATE-DB-AZ1b",
              "Owner": "Wesley Leite",
              "Project": "VPC DADOS",
              "Service": "Network"
            },
            "timeouts": null,
            "vpc_id": "vpc-07eecf7196212e4c7"
          },
          "sensitive_attributes": [],
          "private": "eyJlMmJmYjczMC1lY2FhLTExZTYtOGY4OC0zNDM2M2JjN2M0YzAiOnsiY3JlYXRlIjo2MDAwMDAwMDAwMDAsImRlbGV0ZSI6MTIwMDAwMDAwMDAwMH0sInNjaGVtYV92ZXJzaW9uIjoiMSJ9",
          "dependencies": [
            "aws_vpc.this"
          ]
        },
        {
          "index_key": "pub_a",
          "schema_version": 1,
          "attributes": {
            "arn": "arn:aws:ec2:us-east-1:742364540768:subnet/subnet-001f5f7df3b851826",
            "assign_ipv6_address_on_creation": false,
            "availability_zone": "us-east-1a",
            "availability_zone_id": "use1-az1",
            "cidr_block": "10.122.18.0/23",
            "customer_owned_ipv4_pool": "",
            "enable_dns64": false,
            "enable_lni_at_device_index": 0,
            "enable_resource_name_dns_a_record_on_launch": false,
            "enable_resource_name_dns_aaaa_record_on_launch": false,
            "id": "subnet-001f5f7df3b851826",
            "ipv6_cidr_block": "",
            "ipv6_cidr_block_association_id": "",
            "ipv6_native": false,
            "map_customer_owned_ip_on_launch": false,
            "map_public_ip_on_launch": false,
            "outpost_arn": "",
            "owner_id": "742364540768",
            "private_dns_hostname_type_on_launch": "ip-name",
            "tags": {
              "CreatedAt": "2024-05-07",
              "ManagedBy": "Terraform",
              "Name": "SBNT-VPC-DADOS-PUBLIC-APP-AZ1a",
              "Owner": "Wesley Leite",
              "Project": "VPC DADOS",
              "Service": "Network"
            },
            "tags_all": {
              "CreatedAt": "2024-05-07",
              "ManagedBy": "Terraform",
              "Name": "SBNT-VPC-DADOS-PUBLIC-APP-AZ1a",
              "Owner": "Wesley Leite",
              "Project": "VPC DADOS",
              "Service": "Network"
            },
            "timeouts": null,
            "vpc_id": "vpc-07eecf7196212e4c7"
          },
          "sensitive_attributes": [],
          "private": "eyJlMmJmYjczMC1lY2FhLTExZTYtOGY4OC0zNDM2M2JjN2M0YzAiOnsiY3JlYXRlIjo2MDAwMDAwMDAwMDAsImRlbGV0ZSI6MTIwMDAwMDAwMDAwMH0sInNjaGVtYV92ZXJzaW9uIjoiMSJ9",
          "dependencies": [
            "aws_vpc.this"
          ]
        },
        {
          "index_key": "pub_b",
          "schema_version": 1,
          "attributes": {
            "arn": "arn:aws:ec2:us-east-1:742364540768:subnet/subnet-0dae142823750a03b",
            "assign_ipv6_address_on_creation": false,
            "availability_zone": "us-east-1b",
            "availability_zone_id": "use1-az2",
            "cidr_block": "10.122.20.0/23",
            "customer_owned_ipv4_pool": "",
            "enable_dns64": false,
            "enable_lni_at_device_index": 0,
            "enable_resource_name_dns_a_record_on_launch": false,
            "enable_resource_name_dns_aaaa_record_on_launch": false,
            "id": "subnet-0dae142823750a03b",
            "ipv6_cidr_block": "",
            "ipv6_cidr_block_association_id": "",
            "ipv6_native": false,
            "map_customer_owned_ip_on_launch": false,
            "map_public_ip_on_launch": false,
            "outpost_arn": "",
            "owner_id": "742364540768",
            "private_dns_hostname_type_on_launch": "ip-name",
            "tags": {
              "CreatedAt": "2024-05-07",
              "ManagedBy": "Terraform",
              "Name": "SBNT-VPC-DADOS-PUBLIC-APP-AZ1b",
              "Owner": "Wesley Leite",
              "Project": "VPC DADOS",
              "Service": "Network"
            },
            "tags_all": {
              "CreatedAt": "2024-05-07",
              "ManagedBy": "Terraform",
              "Name": "SBNT-VPC-DADOS-PUBLIC-APP-AZ1b",
              "Owner": "Wesley Leite",
              "Project": "VPC DADOS",
              "Service": "Network"
            },
            "timeouts": null,
            "vpc_id": "vpc-07eecf7196212e4c7"
          },
          "sensitive_attributes": [],
          "private": "eyJlMmJmYjczMC1lY2FhLTExZTYtOGY4OC0zNDM2M2JjN2M0YzAiOnsiY3JlYXRlIjo2MDAwMDAwMDAwMDAsImRlbGV0ZSI6MTIwMDAwMDAwMDAwMH0sInNjaGVtYV92ZXJzaW9uIjoiMSJ9",
          "dependencies": [
            "aws_vpc.this"
          ]
        },
        {
          "index_key": "pvt_a",
          "schema_version": 1,
          "attributes": {
            "arn": "arn:aws:ec2:us-east-1:742364540768:subnet/subnet-083a33d813044be95",
            "assign_ipv6_address_on_creation": false,
            "availability_zone": "us-east-1a",
            "availability_zone_id": "use1-az1",
            "cidr_block": "10.122.2.0/23",
            "customer_owned_ipv4_pool": "",
            "enable_dns64": false,
            "enable_lni_at_device_index": 0,
            "enable_resource_name_dns_a_record_on_launch": false,
            "enable_resource_name_dns_aaaa_record_on_launch": false,
            "id": "subnet-083a33d813044be95",
            "ipv6_cidr_block": "",
            "ipv6_cidr_block_association_id": "",
            "ipv6_native": false,
            "map_customer_owned_ip_on_launch": false,
            "map_public_ip_on_launch": false,
            "outpost_arn": "",
            "owner_id": "742364540768",
            "private_dns_hostname_type_on_launch": "ip-name",
            "tags": {
              "CreatedAt": "2024-05-07",
              "ManagedBy": "Terraform",
              "Name": "SBNT-VPC-DADOS-PRIVATE-APP-AZ1a",
              "Owner": "Wesley Leite",
              "Project": "VPC DADOS",
              "Service": "Network"
            },
            "tags_all": {
              "CreatedAt": "2024-05-07",
              "ManagedBy": "Terraform",
              "Name": "SBNT-VPC-DADOS-PRIVATE-APP-AZ1a",
              "Owner": "Wesley Leite",
              "Project": "VPC DADOS",
              "Service": "Network"
            },
            "timeouts": null,
            "vpc_id": "vpc-07eecf7196212e4c7"
          },
          "sensitive_attributes": [],
          "private": "eyJlMmJmYjczMC1lY2FhLTExZTYtOGY4OC0zNDM2M2JjN2M0YzAiOnsiY3JlYXRlIjo2MDAwMDAwMDAwMDAsImRlbGV0ZSI6MTIwMDAwMDAwMDAwMH0sInNjaGVtYV92ZXJzaW9uIjoiMSJ9",
          "dependencies": [
            "aws_vpc.this"
          ]
        },
        {
          "index_key": "pvt_b",
          "schema_version": 1,
          "attributes": {
            "arn": "arn:aws:ec2:us-east-1:742364540768:subnet/subnet-03867b9a03e0a4bc1",
            "assign_ipv6_address_on_creation": false,
            "availability_zone": "us-east-1b",
            "availability_zone_id": "use1-az2",
            "cidr_block": "10.122.4.0/23",
            "customer_owned_ipv4_pool": "",
            "enable_dns64": false,
            "enable_lni_at_device_index": 0,
            "enable_resource_name_dns_a_record_on_launch": false,
            "enable_resource_name_dns_aaaa_record_on_launch": false,
            "id": "subnet-03867b9a03e0a4bc1",
            "ipv6_cidr_block": "",
            "ipv6_cidr_block_association_id": "",
            "ipv6_native": false,
            "map_customer_owned_ip_on_launch": false,
            "map_public_ip_on_launch": false,
            "outpost_arn": "",
            "owner_id": "742364540768",
            "private_dns_hostname_type_on_launch": "ip-name",
            "tags": {
              "CreatedAt": "2024-05-07",
              "ManagedBy": "Terraform",
              "Name": "SBNT-VPC-DADOS-PRIVATE-APP-AZ1b",
              "Owner": "Wesley Leite",
              "Project": "VPC DADOS",
              "Service": "Network"
            },
            "tags_all": {
              "CreatedAt": "2024-05-07",
              "ManagedBy": "Terraform",
              "Name": "SBNT-VPC-DADOS-PRIVATE-APP-AZ1b",
              "Owner": "Wesley Leite",
              "Project": "VPC DADOS",
              "Service": "Network"
            },
            "timeouts": null,
            "vpc_id": "vpc-07eecf7196212e4c7"
          },
          "sensitive_attributes": [],
          "private": "eyJlMmJmYjczMC1lY2FhLTExZTYtOGY4OC0zNDM2M2JjN2M0YzAiOnsiY3JlYXRlIjo2MDAwMDAwMDAwMDAsImRlbGV0ZSI6MTIwMDAwMDAwMDAwMH0sInNjaGVtYV92ZXJzaW9uIjoiMSJ9",
          "dependencies": [
            "aws_vpc.this"
          ]
        }
      ]
    },
    {
      "mode": "managed",
      "type": "aws_vpc",
      "name": "this",
      "provider": "provider[\"registry.terraform.io/hashicorp/aws\"]",
      "instances": [
        {
          "schema_version": 1,
          "attributes": {
            "arn": "arn:aws:ec2:us-east-1:742364540768:vpc/vpc-07eecf7196212e4c7",
            "assign_generated_ipv6_cidr_block": false,
            "cidr_block": "10.122.0.0/16",
            "default_network_acl_id": "acl-0d06a4f7e74c0e638",
            "default_route_table_id": "rtb-0e49d468d091118c3",
            "default_security_group_id": "sg-09857f5cc4eef9964",
            "dhcp_options_id": "dopt-70562e0a",
            "enable_dns_hostnames": true,
            "enable_dns_support": true,
            "enable_network_address_usage_metrics": false,
            "id": "vpc-07eecf7196212e4c7",
            "instance_tenancy": "default",
            "ipv4_ipam_pool_id": null,
            "ipv4_netmask_length": null,
            "ipv6_association_id": "",
            "ipv6_cidr_block": "",
            "ipv6_cidr_block_network_border_group": "",
            "ipv6_ipam_pool_id": "",
            "ipv6_netmask_length": 0,
            "main_route_table_id": "rtb-0e49d468d091118c3",
            "owner_id": "742364540768",
            "tags": {
              "CreatedAt": "2024-05-07",
              "ManagedBy": "Terraform",
              "Name": "VPC-DADOS",
              "Owner": "Wesley Leite",
              "Project": "VPC DADOS",
              "Service": "Network"
            },
            "tags_all": {
              "CreatedAt": "2024-05-07",
              "ManagedBy": "Terraform",
              "Name": "VPC-DADOS",
              "Owner": "Wesley Leite",
              "Project": "VPC DADOS",
              "Service": "Network"
            }
          },
          "sensitive_attributes": [],
          "private": "eyJzY2hlbWFfdmVyc2lvbiI6IjEifQ==",
          "create_before_destroy": true
        }
      ]
    },
    {
      "mode": "managed",
      "type": "aws_vpn_connection",
      "name": "americantower",
      "provider": "provider[\"registry.terraform.io/hashicorp/aws\"]",
      "instances": [
        {
          "schema_version": 0,
          "attributes": {
            "arn": "arn:aws:ec2:us-east-1:742364540768:vpn-connection/vpn-0094b230ddb179c6c",
            "core_network_arn": "",
            "core_network_attachment_arn": "",
            "customer_gateway_configuration": "\u003c?xml version=\"1.0\" encoding=\"UTF-8\"?\u003e\n\u003cvpn_connection id=\"vpn-0094b230ddb179c6c\"\u003e\n  \u003ccustomer_gateway_id\u003ecgw-0f23a0695561804ab\u003c/customer_gateway_id\u003e\n  \u003cvpn_gateway_id\u003evgw-0a2cfd4569aa8c28b\u003c/vpn_gateway_id\u003e\n  \u003cvpn_connection_type\u003eipsec.1\u003c/vpn_connection_type\u003e\n  \u003cvpn_connection_attributes\u003eNoBGPVPNConnection\u003c/vpn_connection_attributes\u003e\n  \u003cipsec_tunnel\u003e\n    \u003ccustomer_gateway\u003e\n      \u003ctunnel_outside_address\u003e\n        \u003cip_address\u003e186.248.174.234\u003c/ip_address\u003e\n      \u003c/tunnel_outside_address\u003e\n      \u003ctunnel_inside_address\u003e\n        \u003cip_address\u003e169.254.231.170\u003c/ip_address\u003e\n        \u003cnetwork_mask\u003e255.255.255.252\u003c/network_mask\u003e\n        \u003cnetwork_cidr\u003e30\u003c/network_cidr\u003e\n      \u003c/tunnel_inside_address\u003e\n    \u003c/customer_gateway\u003e\n    \u003cvpn_gateway\u003e\n      \u003ctunnel_outside_address\u003e\n        \u003cip_address\u003e3.213.113.87\u003c/ip_address\u003e\n      \u003c/tunnel_outside_address\u003e\n      \u003ctunnel_inside_address\u003e\n        \u003cip_address\u003e169.254.231.169\u003c/ip_address\u003e\n        \u003cnetwork_mask\u003e255.255.255.252\u003c/network_mask\u003e\n        \u003cnetwork_cidr\u003e30\u003c/network_cidr\u003e\n      \u003c/tunnel_inside_address\u003e\n    \u003c/vpn_gateway\u003e\n    \u003cike\u003e\n      \u003cauthentication_protocol\u003esha1\u003c/authentication_protocol\u003e\n      \u003cencryption_protocol\u003eaes-128-cbc\u003c/encryption_protocol\u003e\n      \u003clifetime\u003e28800\u003c/lifetime\u003e\n      \u003cperfect_forward_secrecy\u003egroup2\u003c/perfect_forward_secrecy\u003e\n      \u003cmode\u003emain\u003c/mode\u003e\n      \u003cpre_shared_key\u003e4bmHshDgYzEfMx18l5KKrf_tZ8_Qszai\u003c/pre_shared_key\u003e\n    \u003c/ike\u003e\n    \u003cipsec\u003e\n      \u003cprotocol\u003eesp\u003c/protocol\u003e\n      \u003cauthentication_protocol\u003ehmac-sha1-96\u003c/authentication_protocol\u003e\n      \u003cencryption_protocol\u003eaes-128-cbc\u003c/encryption_protocol\u003e\n      \u003clifetime\u003e3600\u003c/lifetime\u003e\n      \u003cperfect_forward_secrecy\u003egroup2\u003c/perfect_forward_secrecy\u003e\n      \u003cmode\u003etunnel\u003c/mode\u003e\n      \u003cclear_df_bit\u003etrue\u003c/clear_df_bit\u003e\n      \u003cfragmentation_before_encryption\u003etrue\u003c/fragmentation_before_encryption\u003e\n      \u003ctcp_mss_adjustment\u003e1379\u003c/tcp_mss_adjustment\u003e\n      \u003cdead_peer_detection\u003e\n        \u003cinterval\u003e10\u003c/interval\u003e\n        \u003cretries\u003e3\u003c/retries\u003e\n      \u003c/dead_peer_detection\u003e\n    \u003c/ipsec\u003e\n  \u003c/ipsec_tunnel\u003e\n  \u003cipsec_tunnel\u003e\n    \u003ccustomer_gateway\u003e\n      \u003ctunnel_outside_address\u003e\n        \u003cip_address\u003e186.248.174.234\u003c/ip_address\u003e\n      \u003c/tunnel_outside_address\u003e\n      \u003ctunnel_inside_address\u003e\n        \u003cip_address\u003e169.254.217.158\u003c/ip_address\u003e\n        \u003cnetwork_mask\u003e255.255.255.252\u003c/network_mask\u003e\n        \u003cnetwork_cidr\u003e30\u003c/network_cidr\u003e\n      \u003c/tunnel_inside_address\u003e\n    \u003c/customer_gateway\u003e\n    \u003cvpn_gateway\u003e\n      \u003ctunnel_outside_address\u003e\n        \u003cip_address\u003e35.172.205.108\u003c/ip_address\u003e\n      \u003c/tunnel_outside_address\u003e\n      \u003ctunnel_inside_address\u003e\n        \u003cip_address\u003e169.254.217.157\u003c/ip_address\u003e\n        \u003cnetwork_mask\u003e255.255.255.252\u003c/network_mask\u003e\n        \u003cnetwork_cidr\u003e30\u003c/network_cidr\u003e\n      \u003c/tunnel_inside_address\u003e\n    \u003c/vpn_gateway\u003e\n    \u003cike\u003e\n      \u003cauthentication_protocol\u003esha1\u003c/authentication_protocol\u003e\n      \u003cencryption_protocol\u003eaes-128-cbc\u003c/encryption_protocol\u003e\n      \u003clifetime\u003e28800\u003c/lifetime\u003e\n      \u003cperfect_forward_secrecy\u003egroup2\u003c/perfect_forward_secrecy\u003e\n      \u003cmode\u003emain\u003c/mode\u003e\n      \u003cpre_shared_key\u003eUs5TQXhjOJ3h8uOlgTq4kiVDA6B4X2mr\u003c/pre_shared_key\u003e\n    \u003c/ike\u003e\n    \u003cipsec\u003e\n      \u003cprotocol\u003eesp\u003c/protocol\u003e\n      \u003cauthentication_protocol\u003ehmac-sha1-96\u003c/authentication_protocol\u003e\n      \u003cencryption_protocol\u003eaes-128-cbc\u003c/encryption_protocol\u003e\n      \u003clifetime\u003e3600\u003c/lifetime\u003e\n      \u003cperfect_forward_secrecy\u003egroup2\u003c/perfect_forward_secrecy\u003e\n      \u003cmode\u003etunnel\u003c/mode\u003e\n      \u003cclear_df_bit\u003etrue\u003c/clear_df_bit\u003e\n      \u003cfragmentation_before_encryption\u003etrue\u003c/fragmentation_before_encryption\u003e\n      \u003ctcp_mss_adjustment\u003e1379\u003c/tcp_mss_adjustment\u003e\n      \u003cdead_peer_detection\u003e\n        \u003cinterval\u003e10\u003c/interval\u003e\n        \u003cretries\u003e3\u003c/retries\u003e\n      \u003c/dead_peer_detection\u003e\n    \u003c/ipsec\u003e\n  \u003c/ipsec_tunnel\u003e\n\u003c/vpn_connection\u003e\n",
            "customer_gateway_id": "cgw-0f23a0695561804ab",
            "enable_acceleration": false,
            "id": "vpn-0094b230ddb179c6c",
            "local_ipv4_network_cidr": "0.0.0.0/0",
            "local_ipv6_network_cidr": "",
            "outside_ip_address_type": "PublicIpv4",
            "remote_ipv4_network_cidr": "0.0.0.0/0",
            "remote_ipv6_network_cidr": "",
            "routes": [
              {
                "destination_cidr_block": "10.81.234.0/24",
                "source": "",
                "state": "available"
              },
              {
                "destination_cidr_block": "172.16.0.0/16",
                "source": "",
                "state": "available"
              }
            ],
            "static_routes_only": true,
            "tags": {
              "CreatedAt": "2024-05-07",
              "ManagedBy": "Terraform",
              "Name": "VPN-SITE-TO-SITE-VPC-DADOS-AMERICAN-TOWER",
              "Owner": "Wesley Leite",
              "Project": "VPC DADOS",
              "Service": "Network"
            },
            "tags_all": {
              "CreatedAt": "2024-05-07",
              "ManagedBy": "Terraform",
              "Name": "VPN-SITE-TO-SITE-VPC-DADOS-AMERICAN-TOWER",
              "Owner": "Wesley Leite",
              "Project": "VPC DADOS",
              "Service": "Network"
            },
            "transit_gateway_attachment_id": "",
            "transit_gateway_id": "",
            "transport_transit_gateway_attachment_id": "",
            "tunnel1_address": "3.213.113.87",
            "tunnel1_bgp_asn": "",
            "tunnel1_bgp_holdtime": 0,
            "tunnel1_cgw_inside_address": "169.254.231.170",
            "tunnel1_dpd_timeout_action": "clear",
            "tunnel1_dpd_timeout_seconds": 0,
            "tunnel1_enable_tunnel_lifecycle_control": false,
            "tunnel1_ike_versions": [],
            "tunnel1_inside_cidr": "169.254.231.168/30",
            "tunnel1_inside_ipv6_cidr": "",
            "tunnel1_log_options": [
              {
                "cloudwatch_log_options": [
                  {
                    "log_enabled": false,
                    "log_group_arn": "",
                    "log_output_format": ""
                  }
                ]
              }
            ],
            "tunnel1_phase1_dh_group_numbers": [],
            "tunnel1_phase1_encryption_algorithms": [],
            "tunnel1_phase1_integrity_algorithms": [],
            "tunnel1_phase1_lifetime_seconds": 0,
            "tunnel1_phase2_dh_group_numbers": [],
            "tunnel1_phase2_encryption_algorithms": [],
            "tunnel1_phase2_integrity_algorithms": [],
            "tunnel1_phase2_lifetime_seconds": 0,
            "tunnel1_preshared_key": "4bmHshDgYzEfMx18l5KKrf_tZ8_Qszai",
            "tunnel1_rekey_fuzz_percentage": 0,
            "tunnel1_rekey_margin_time_seconds": 0,
            "tunnel1_replay_window_size": 0,
            "tunnel1_startup_action": "add",
            "tunnel1_vgw_inside_address": "169.254.231.169",
            "tunnel2_address": "35.172.205.108",
            "tunnel2_bgp_asn": "",
            "tunnel2_bgp_holdtime": 0,
            "tunnel2_cgw_inside_address": "169.254.217.158",
            "tunnel2_dpd_timeout_action": "clear",
            "tunnel2_dpd_timeout_seconds": 0,
            "tunnel2_enable_tunnel_lifecycle_control": false,
            "tunnel2_ike_versions": [],
            "tunnel2_inside_cidr": "169.254.217.156/30",
            "tunnel2_inside_ipv6_cidr": "",
            "tunnel2_log_options": [
              {
                "cloudwatch_log_options": [
                  {
                    "log_enabled": false,
                    "log_group_arn": "",
                    "log_output_format": ""
                  }
                ]
              }
            ],
            "tunnel2_phase1_dh_group_numbers": [],
            "tunnel2_phase1_encryption_algorithms": [],
            "tunnel2_phase1_integrity_algorithms": [],
            "tunnel2_phase1_lifetime_seconds": 0,
            "tunnel2_phase2_dh_group_numbers": [],
            "tunnel2_phase2_encryption_algorithms": [],
            "tunnel2_phase2_integrity_algorithms": [],
            "tunnel2_phase2_lifetime_seconds": 0,
            "tunnel2_preshared_key": "Us5TQXhjOJ3h8uOlgTq4kiVDA6B4X2mr",
            "tunnel2_rekey_fuzz_percentage": 0,
            "tunnel2_rekey_margin_time_seconds": 0,
            "tunnel2_replay_window_size": 0,
            "tunnel2_startup_action": "add",
            "tunnel2_vgw_inside_address": "169.254.217.157",
            "tunnel_inside_ip_version": "ipv4",
            "type": "ipsec.1",
            "vgw_telemetry": [
              {
                "accepted_route_count": 2,
                "certificate_arn": "",
                "last_status_change": "2024-05-13T12:48:10Z",
                "outside_ip_address": "35.172.205.108",
                "status": "DOWN",
                "status_message": ""
              },
              {
                "accepted_route_count": 2,
                "certificate_arn": "",
                "last_status_change": "2024-05-13T12:57:51Z",
                "outside_ip_address": "3.213.113.87",
                "status": "DOWN",
                "status_message": ""
              }
            ],
            "vpn_gateway_id": "vgw-0a2cfd4569aa8c28b"
          },
          "sensitive_attributes": [
            [
              {
                "type": "get_attr",
                "value": "tunnel1_preshared_key"
              }
            ],
            [
              {
                "type": "get_attr",
                "value": "customer_gateway_configuration"
              }
            ],
            [
              {
                "type": "get_attr",
                "value": "tunnel2_preshared_key"
              }
            ]
          ],
          "private": "bnVsbA==",
          "dependencies": [
            "aws_customer_gateway.customer_gateway_americantower",
            "aws_vpc.this",
            "aws_vpn_gateway.vpn_gateway"
          ]
        }
      ]
    },
    {
      "mode": "managed",
      "type": "aws_vpn_connection",
      "name": "mundivox",
      "provider": "provider[\"registry.terraform.io/hashicorp/aws\"]",
      "instances": [
        {
          "schema_version": 0,
          "attributes": {
            "arn": "arn:aws:ec2:us-east-1:742364540768:vpn-connection/vpn-07166f237fa46a092",
            "core_network_arn": "",
            "core_network_attachment_arn": "",
            "customer_gateway_configuration": "\u003c?xml version=\"1.0\" encoding=\"UTF-8\"?\u003e\n\u003cvpn_connection id=\"vpn-07166f237fa46a092\"\u003e\n  \u003ccustomer_gateway_id\u003ecgw-06b6b0811546b64b7\u003c/customer_gateway_id\u003e\n  \u003cvpn_gateway_id\u003evgw-0a2cfd4569aa8c28b\u003c/vpn_gateway_id\u003e\n  \u003cvpn_connection_type\u003eipsec.1\u003c/vpn_connection_type\u003e\n  \u003cvpn_connection_attributes\u003eNoBGPVPNConnection\u003c/vpn_connection_attributes\u003e\n  \u003cipsec_tunnel\u003e\n    \u003ccustomer_gateway\u003e\n      \u003ctunnel_outside_address\u003e\n        \u003cip_address\u003e187.111.17.154\u003c/ip_address\u003e\n      \u003c/tunnel_outside_address\u003e\n      \u003ctunnel_inside_address\u003e\n        \u003cip_address\u003e169.254.176.174\u003c/ip_address\u003e\n        \u003cnetwork_mask\u003e255.255.255.252\u003c/network_mask\u003e\n        \u003cnetwork_cidr\u003e30\u003c/network_cidr\u003e\n      \u003c/tunnel_inside_address\u003e\n    \u003c/customer_gateway\u003e\n    \u003cvpn_gateway\u003e\n      \u003ctunnel_outside_address\u003e\n        \u003cip_address\u003e35.169.235.41\u003c/ip_address\u003e\n      \u003c/tunnel_outside_address\u003e\n      \u003ctunnel_inside_address\u003e\n        \u003cip_address\u003e169.254.176.173\u003c/ip_address\u003e\n        \u003cnetwork_mask\u003e255.255.255.252\u003c/network_mask\u003e\n        \u003cnetwork_cidr\u003e30\u003c/network_cidr\u003e\n      \u003c/tunnel_inside_address\u003e\n    \u003c/vpn_gateway\u003e\n    \u003cike\u003e\n      \u003cauthentication_protocol\u003esha1\u003c/authentication_protocol\u003e\n      \u003cencryption_protocol\u003eaes-128-cbc\u003c/encryption_protocol\u003e\n      \u003clifetime\u003e28800\u003c/lifetime\u003e\n      \u003cperfect_forward_secrecy\u003egroup2\u003c/perfect_forward_secrecy\u003e\n      \u003cmode\u003emain\u003c/mode\u003e\n      \u003cpre_shared_key\u003ec1Bl0vYas9q_lqh1XWosjvVdtb11bYW0\u003c/pre_shared_key\u003e\n    \u003c/ike\u003e\n    \u003cipsec\u003e\n      \u003cprotocol\u003eesp\u003c/protocol\u003e\n      \u003cauthentication_protocol\u003ehmac-sha1-96\u003c/authentication_protocol\u003e\n      \u003cencryption_protocol\u003eaes-128-cbc\u003c/encryption_protocol\u003e\n      \u003clifetime\u003e3600\u003c/lifetime\u003e\n      \u003cperfect_forward_secrecy\u003egroup2\u003c/perfect_forward_secrecy\u003e\n      \u003cmode\u003etunnel\u003c/mode\u003e\n      \u003cclear_df_bit\u003etrue\u003c/clear_df_bit\u003e\n      \u003cfragmentation_before_encryption\u003etrue\u003c/fragmentation_before_encryption\u003e\n      \u003ctcp_mss_adjustment\u003e1379\u003c/tcp_mss_adjustment\u003e\n      \u003cdead_peer_detection\u003e\n        \u003cinterval\u003e10\u003c/interval\u003e\n        \u003cretries\u003e3\u003c/retries\u003e\n      \u003c/dead_peer_detection\u003e\n    \u003c/ipsec\u003e\n  \u003c/ipsec_tunnel\u003e\n  \u003cipsec_tunnel\u003e\n    \u003ccustomer_gateway\u003e\n      \u003ctunnel_outside_address\u003e\n        \u003cip_address\u003e187.111.17.154\u003c/ip_address\u003e\n      \u003c/tunnel_outside_address\u003e\n      \u003ctunnel_inside_address\u003e\n        \u003cip_address\u003e169.254.120.230\u003c/ip_address\u003e\n        \u003cnetwork_mask\u003e255.255.255.252\u003c/network_mask\u003e\n        \u003cnetwork_cidr\u003e30\u003c/network_cidr\u003e\n      \u003c/tunnel_inside_address\u003e\n    \u003c/customer_gateway\u003e\n    \u003cvpn_gateway\u003e\n      \u003ctunnel_outside_address\u003e\n        \u003cip_address\u003e44.221.200.194\u003c/ip_address\u003e\n      \u003c/tunnel_outside_address\u003e\n      \u003ctunnel_inside_address\u003e\n        \u003cip_address\u003e169.254.120.229\u003c/ip_address\u003e\n        \u003cnetwork_mask\u003e255.255.255.252\u003c/network_mask\u003e\n        \u003cnetwork_cidr\u003e30\u003c/network_cidr\u003e\n      \u003c/tunnel_inside_address\u003e\n    \u003c/vpn_gateway\u003e\n    \u003cike\u003e\n      \u003cauthentication_protocol\u003esha1\u003c/authentication_protocol\u003e\n      \u003cencryption_protocol\u003eaes-128-cbc\u003c/encryption_protocol\u003e\n      \u003clifetime\u003e28800\u003c/lifetime\u003e\n      \u003cperfect_forward_secrecy\u003egroup2\u003c/perfect_forward_secrecy\u003e\n      \u003cmode\u003emain\u003c/mode\u003e\n      \u003cpre_shared_key\u003ehIAQbyC6UqNAVuraQgIGu8vjv4I4DlME\u003c/pre_shared_key\u003e\n    \u003c/ike\u003e\n    \u003cipsec\u003e\n      \u003cprotocol\u003eesp\u003c/protocol\u003e\n      \u003cauthentication_protocol\u003ehmac-sha1-96\u003c/authentication_protocol\u003e\n      \u003cencryption_protocol\u003eaes-128-cbc\u003c/encryption_protocol\u003e\n      \u003clifetime\u003e3600\u003c/lifetime\u003e\n      \u003cperfect_forward_secrecy\u003egroup2\u003c/perfect_forward_secrecy\u003e\n      \u003cmode\u003etunnel\u003c/mode\u003e\n      \u003cclear_df_bit\u003etrue\u003c/clear_df_bit\u003e\n      \u003cfragmentation_before_encryption\u003etrue\u003c/fragmentation_before_encryption\u003e\n      \u003ctcp_mss_adjustment\u003e1379\u003c/tcp_mss_adjustment\u003e\n      \u003cdead_peer_detection\u003e\n        \u003cinterval\u003e10\u003c/interval\u003e\n        \u003cretries\u003e3\u003c/retries\u003e\n      \u003c/dead_peer_detection\u003e\n    \u003c/ipsec\u003e\n  \u003c/ipsec_tunnel\u003e\n\u003c/vpn_connection\u003e\n",
            "customer_gateway_id": "cgw-06b6b0811546b64b7",
            "enable_acceleration": false,
            "id": "vpn-07166f237fa46a092",
            "local_ipv4_network_cidr": "0.0.0.0/0",
            "local_ipv6_network_cidr": "",
            "outside_ip_address_type": "PublicIpv4",
            "remote_ipv4_network_cidr": "0.0.0.0/0",
            "remote_ipv6_network_cidr": "",
            "routes": [
              {
                "destination_cidr_block": "10.81.234.0/24",
                "source": "",
                "state": "available"
              },
              {
                "destination_cidr_block": "172.16.0.0/16",
                "source": "",
                "state": "available"
              }
            ],
            "static_routes_only": true,
            "tags": {
              "CreatedAt": "2024-05-07",
              "ManagedBy": "Terraform",
              "Name": "VPN-SITE-TO-SITE-VPC-DADOS-MUNDIVOX",
              "Owner": "Wesley Leite",
              "Project": "VPC DADOS",
              "Service": "Network"
            },
            "tags_all": {
              "CreatedAt": "2024-05-07",
              "ManagedBy": "Terraform",
              "Name": "VPN-SITE-TO-SITE-VPC-DADOS-MUNDIVOX",
              "Owner": "Wesley Leite",
              "Project": "VPC DADOS",
              "Service": "Network"
            },
            "transit_gateway_attachment_id": "",
            "transit_gateway_id": "",
            "transport_transit_gateway_attachment_id": "",
            "tunnel1_address": "35.169.235.41",
            "tunnel1_bgp_asn": "",
            "tunnel1_bgp_holdtime": 0,
            "tunnel1_cgw_inside_address": "169.254.176.174",
            "tunnel1_dpd_timeout_action": "clear",
            "tunnel1_dpd_timeout_seconds": 0,
            "tunnel1_enable_tunnel_lifecycle_control": false,
            "tunnel1_ike_versions": [],
            "tunnel1_inside_cidr": "169.254.176.172/30",
            "tunnel1_inside_ipv6_cidr": "",
            "tunnel1_log_options": [
              {
                "cloudwatch_log_options": [
                  {
                    "log_enabled": false,
                    "log_group_arn": "",
                    "log_output_format": ""
                  }
                ]
              }
            ],
            "tunnel1_phase1_dh_group_numbers": [],
            "tunnel1_phase1_encryption_algorithms": [],
            "tunnel1_phase1_integrity_algorithms": [],
            "tunnel1_phase1_lifetime_seconds": 0,
            "tunnel1_phase2_dh_group_numbers": [],
            "tunnel1_phase2_encryption_algorithms": [],
            "tunnel1_phase2_integrity_algorithms": [],
            "tunnel1_phase2_lifetime_seconds": 0,
            "tunnel1_preshared_key": "c1Bl0vYas9q_lqh1XWosjvVdtb11bYW0",
            "tunnel1_rekey_fuzz_percentage": 0,
            "tunnel1_rekey_margin_time_seconds": 0,
            "tunnel1_replay_window_size": 0,
            "tunnel1_startup_action": "add",
            "tunnel1_vgw_inside_address": "169.254.176.173",
            "tunnel2_address": "44.221.200.194",
            "tunnel2_bgp_asn": "",
            "tunnel2_bgp_holdtime": 0,
            "tunnel2_cgw_inside_address": "169.254.120.230",
            "tunnel2_dpd_timeout_action": "clear",
            "tunnel2_dpd_timeout_seconds": 0,
            "tunnel2_enable_tunnel_lifecycle_control": false,
            "tunnel2_ike_versions": [],
            "tunnel2_inside_cidr": "169.254.120.228/30",
            "tunnel2_inside_ipv6_cidr": "",
            "tunnel2_log_options": [
              {
                "cloudwatch_log_options": [
                  {
                    "log_enabled": false,
                    "log_group_arn": "",
                    "log_output_format": ""
                  }
                ]
              }
            ],
            "tunnel2_phase1_dh_group_numbers": [],
            "tunnel2_phase1_encryption_algorithms": [],
            "tunnel2_phase1_integrity_algorithms": [],
            "tunnel2_phase1_lifetime_seconds": 0,
            "tunnel2_phase2_dh_group_numbers": [],
            "tunnel2_phase2_encryption_algorithms": [],
            "tunnel2_phase2_integrity_algorithms": [],
            "tunnel2_phase2_lifetime_seconds": 0,
            "tunnel2_preshared_key": "hIAQbyC6UqNAVuraQgIGu8vjv4I4DlME",
            "tunnel2_rekey_fuzz_percentage": 0,
            "tunnel2_rekey_margin_time_seconds": 0,
            "tunnel2_replay_window_size": 0,
            "tunnel2_startup_action": "add",
            "tunnel2_vgw_inside_address": "169.254.120.229",
            "tunnel_inside_ip_version": "ipv4",
            "type": "ipsec.1",
            "vgw_telemetry": [
              {
                "accepted_route_count": 2,
                "certificate_arn": "",
                "last_status_change": "2024-05-13T12:48:00Z",
                "outside_ip_address": "35.169.235.41",
                "status": "DOWN",
                "status_message": ""
              },
              {
                "accepted_route_count": 2,
                "certificate_arn": "",
                "last_status_change": "2024-05-13T12:58:05Z",
                "outside_ip_address": "44.221.200.194",
                "status": "DOWN",
                "status_message": ""
              }
            ],
            "vpn_gateway_id": "vgw-0a2cfd4569aa8c28b"
          },
          "sensitive_attributes": [
            [
              {
                "type": "get_attr",
                "value": "tunnel2_preshared_key"
              }
            ],
            [
              {
                "type": "get_attr",
                "value": "tunnel1_preshared_key"
              }
            ],
            [
              {
                "type": "get_attr",
                "value": "customer_gateway_configuration"
              }
            ]
          ],
          "private": "bnVsbA==",
          "dependencies": [
            "aws_customer_gateway.customer_gateway_mundivox",
            "aws_vpc.this",
            "aws_vpn_gateway.vpn_gateway"
          ]
        }
      ]
    },
    {
      "mode": "managed",
      "type": "aws_vpn_connection_route",
      "name": "americantower",
      "provider": "provider[\"registry.terraform.io/hashicorp/aws\"]",
      "instances": [
        {
          "schema_version": 0,
          "attributes": {
            "destination_cidr_block": "10.81.234.0/24",
            "id": "10.81.234.0/24:vpn-0094b230ddb179c6c",
            "vpn_connection_id": "vpn-0094b230ddb179c6c"
          },
          "sensitive_attributes": [],
          "private": "bnVsbA==",
          "dependencies": [
            "aws_customer_gateway.customer_gateway_americantower",
            "aws_vpc.this",
            "aws_vpn_connection.americantower",
            "aws_vpn_gateway.vpn_gateway"
          ]
        }
      ]
    },
    {
      "mode": "managed",
      "type": "aws_vpn_connection_route",
      "name": "americantower2",
      "provider": "provider[\"registry.terraform.io/hashicorp/aws\"]",
      "instances": [
        {
          "schema_version": 0,
          "attributes": {
            "destination_cidr_block": "172.16.0.0/16",
            "id": "172.16.0.0/16:vpn-0094b230ddb179c6c",
            "vpn_connection_id": "vpn-0094b230ddb179c6c"
          },
          "sensitive_attributes": [],
          "private": "bnVsbA==",
          "dependencies": [
            "aws_customer_gateway.customer_gateway_americantower",
            "aws_vpc.this",
            "aws_vpn_connection.americantower",
            "aws_vpn_gateway.vpn_gateway"
          ]
        }
      ]
    },
    {
      "mode": "managed",
      "type": "aws_vpn_connection_route",
      "name": "mundivox",
      "provider": "provider[\"registry.terraform.io/hashicorp/aws\"]",
      "instances": [
        {
          "schema_version": 0,
          "attributes": {
            "destination_cidr_block": "10.81.234.0/24",
            "id": "10.81.234.0/24:vpn-07166f237fa46a092",
            "vpn_connection_id": "vpn-07166f237fa46a092"
          },
          "sensitive_attributes": [],
          "private": "bnVsbA==",
          "dependencies": [
            "aws_customer_gateway.customer_gateway_mundivox",
            "aws_vpc.this",
            "aws_vpn_connection.mundivox",
            "aws_vpn_gateway.vpn_gateway"
          ]
        }
      ]
    },
    {
      "mode": "managed",
      "type": "aws_vpn_connection_route",
      "name": "mundivox2",
      "provider": "provider[\"registry.terraform.io/hashicorp/aws\"]",
      "instances": [
        {
          "schema_version": 0,
          "attributes": {
            "destination_cidr_block": "172.16.0.0/16",
            "id": "172.16.0.0/16:vpn-07166f237fa46a092",
            "vpn_connection_id": "vpn-07166f237fa46a092"
          },
          "sensitive_attributes": [],
          "private": "bnVsbA==",
          "dependencies": [
            "aws_customer_gateway.customer_gateway_mundivox",
            "aws_vpc.this",
            "aws_vpn_connection.mundivox",
            "aws_vpn_gateway.vpn_gateway"
          ]
        }
      ]
    },
    {
      "mode": "managed",
      "type": "aws_vpn_gateway",
      "name": "vpn_gateway",
      "provider": "provider[\"registry.terraform.io/hashicorp/aws\"]",
      "instances": [
        {
          "schema_version": 0,
          "attributes": {
            "amazon_side_asn": "64512",
            "arn": "arn:aws:ec2:us-east-1:742364540768:vpn-gateway/vgw-0a2cfd4569aa8c28b",
            "availability_zone": null,
            "id": "vgw-0a2cfd4569aa8c28b",
            "tags": {
              "CreatedAt": "2024-05-07",
              "ManagedBy": "Terraform",
              "Name": "VPG-VPC-DADOS",
              "Owner": "Wesley Leite",
              "Project": "VPC DADOS",
              "Service": "Network"
            },
            "tags_all": {
              "CreatedAt": "2024-05-07",
              "ManagedBy": "Terraform",
              "Name": "VPG-VPC-DADOS",
              "Owner": "Wesley Leite",
              "Project": "VPC DADOS",
              "Service": "Network"
            },
            "vpc_id": "vpc-07eecf7196212e4c7"
          },
          "sensitive_attributes": [],
          "private": "bnVsbA==",
          "dependencies": [
            "aws_vpc.this"
          ]
        }
      ]
    }
  ],
  "check_results": null
}
